
Microsoft Visual Studio Solution File, Format Version 12.00
# Visual Studio 14
VisualStudioVersion = 14.0.24720.0
MinimumVisualStudioVersion = 10.0.40219.1
Project("{FAE04EC0-301F-11D3-BF4B-00C04F79EFBC}") = "DocxConcat", "DocxConcat\DocxConcat.csproj", "{B762C3EE-AB53-485E-B9FE-A1B05D5102ED}"
EndProject
Project("{FAE04EC0-301F-11D3-BF4B-00C04F79EFBC}") = "DocxConcat.Tests", "DocxConcat.Tests\DocxConcat.Tests.csproj", "{4D173D9B-B9B4-475A-8160-11C1A11CE47B}"
EndProject
Global
	GlobalSection(SolutionConfigurationPlatforms) = preSolution
		Debug|Any CPU = Debug|Any CPU
		Release|Any CPU = Release|Any CPU
	EndGlobalSection
	GlobalSection(ProjectConfigurationPlatforms) = postSolution
		{B762C3EE-AB53-485E-B9FE-A1B05D5102ED}.Debug|Any CPU.ActiveCfg = Debug|Any CPU
		{B762C3EE-AB53-485E-B9FE-A1B05D5102ED}.Debug|Any CPU.Build.0 = Debug|Any CPU
		{B762C3EE-AB53-485E-B9FE-A1B05D5102ED}.Release|Any CPU.ActiveCfg = Release|Any CPU
		{B762C3EE-AB53-485E-B9FE-A1B05D5102ED}.Release|Any CPU.Build.0 = Release|Any CPU
		{4D173D9B-B9B4-475A-8160-11C1A11CE47B}.Debug|Any CPU.ActiveCfg = Debug|Any CPU
		{4D173D9B-B9B4-475A-8160-11C1A11CE47B}.Debug|Any CPU.Build.0 = Debug|Any CPU
		{4D173D9B-B9B4-475A-8160-11C1A11CE47B}.Release|Any CPU.ActiveCfg = Release|Any CPU
		{4D173D9B-B9B4-475A-8160-11C1A11CE47B}.Release|Any CPU.Build.0 = Release|Any CPU
	EndGlobalSection
	GlobalSection(SolutionProperties) = preSolution
		HideSolutionNode = FALSE
	EndGlobalSection
EndGlobal
